
Microsoft Visual Studio Solution File, Format Version 12.00
# Visual Studio Version 17
VisualStudioVersion = 17.6.33620.401
MinimumVisualStudioVersion = 10.0.40219.1
Project("{9A19103F-16F7-4668-BE54-9A1E7A4F7556}") = "Vote-Application_JonathanMutala", "Vote-Application_JonathanMutala.csproj", "{ABD92989-B48C-49AF-A166-DB4705B736BC}"
EndProject
Project("{FAE04EC0-301F-11D3-BF4B-00C04F79EFBC}") = "VoteProjetTest", "..\VoteProjetTest\VoteProjetTest.csproj", "{B35C7CA8-5ADA-4D3C-8823-BACBE459304B}"
EndProject
Global
	GlobalSection(SolutionConfigurationPlatforms) = preSolution
		Debug|Any CPU = Debug|Any CPU
		Release|Any CPU = Release|Any CPU
	EndGlobalSection
	GlobalSection(ProjectConfigurationPlatforms) = postSolution
		{ABD92989-B48C-49AF-A166-DB4705B736BC}.Debug|Any CPU.ActiveCfg = Debug|Any CPU
		{ABD92989-B48C-49AF-A166-DB4705B736BC}.Debug|Any CPU.Build.0 = Debug|Any CPU
		{ABD92989-B48C-49AF-A166-DB4705B736BC}.Release|Any CPU.ActiveCfg = Release|Any CPU
		{ABD92989-B48C-49AF-A166-DB4705B736BC}.Release|Any CPU.Build.0 = Release|Any CPU
		{B35C7CA8-5ADA-4D3C-8823-BACBE459304B}.Debug|Any CPU.ActiveCfg = Debug|Any CPU
		{B35C7CA8-5ADA-4D3C-8823-BACBE459304B}.Debug|Any CPU.Build.0 = Debug|Any CPU
		{B35C7CA8-5ADA-4D3C-8823-BACBE459304B}.Release|Any CPU.ActiveCfg = Release|Any CPU
		{B35C7CA8-5ADA-4D3C-8823-BACBE459304B}.Release|Any CPU.Build.0 = Release|Any CPU
	EndGlobalSection
	GlobalSection(SolutionProperties) = preSolution
		HideSolutionNode = FALSE
	EndGlobalSection
	GlobalSection(ExtensibilityGlobals) = postSolution
		SolutionGuid = {3E260F57-01C6-427A-83CF-338A75E2324E}
	EndGlobalSection
EndGlobal
